
Microsoft Visual Studio Solution File, Format Version 12.00
# Visual Studio Version 16
VisualStudioVersion = 16.0.29806.167
MinimumVisualStudioVersion = 10.0.40219.1
Project("{FAE04EC0-301F-11D3-BF4B-00C04F79EFBC}") = "Aptacode.Wpf.Utilities", "Aptacode.Wpf.Utilities\Apatacode.Wpf.Utilities.csproj", "{87656E1C-4FBC-4BA6-8BA2-C1742C7A8280}"
EndProject
Project("{2150E333-8FDC-42A3-9474-1A3956D46DE8}") = "Libraries", "Libraries", "{4123B37D-D830-400B-BE30-9543EBD33871}"
EndProject
Project("{9A19103F-16F7-4668-BE54-9A1E7A4F7556}") = "Aptacode.CSharp.Utilities", "Libraries\Aptacode.CSharp.Utilities\Aptacode.CSharp.Utilities\Aptacode.CSharp.Utilities.csproj", "{24478C7A-7249-44E3-A621-C5C02083D79F}"
EndProject
Global
	GlobalSection(SolutionConfigurationPlatforms) = preSolution
		Debug|Any CPU = Debug|Any CPU
		Release|Any CPU = Release|Any CPU
	EndGlobalSection
	GlobalSection(ProjectConfigurationPlatforms) = postSolution
		{87656E1C-4FBC-4BA6-8BA2-C1742C7A8280}.Debug|Any CPU.ActiveCfg = Debug|Any CPU
		{87656E1C-4FBC-4BA6-8BA2-C1742C7A8280}.Debug|Any CPU.Build.0 = Debug|Any CPU
		{87656E1C-4FBC-4BA6-8BA2-C1742C7A8280}.Release|Any CPU.ActiveCfg = Release|Any CPU
		{87656E1C-4FBC-4BA6-8BA2-C1742C7A8280}.Release|Any CPU.Build.0 = Release|Any CPU
		{24478C7A-7249-44E3-A621-C5C02083D79F}.Debug|Any CPU.ActiveCfg = Debug|Any CPU
		{24478C7A-7249-44E3-A621-C5C02083D79F}.Debug|Any CPU.Build.0 = Debug|Any CPU
		{24478C7A-7249-44E3-A621-C5C02083D79F}.Release|Any CPU.ActiveCfg = Release|Any CPU
		{24478C7A-7249-44E3-A621-C5C02083D79F}.Release|Any CPU.Build.0 = Release|Any CPU
	EndGlobalSection
	GlobalSection(SolutionProperties) = preSolution
		HideSolutionNode = FALSE
	EndGlobalSection
	GlobalSection(NestedProjects) = preSolution
		{24478C7A-7249-44E3-A621-C5C02083D79F} = {4123B37D-D830-400B-BE30-9543EBD33871}
	EndGlobalSection
	GlobalSection(ExtensibilityGlobals) = postSolution
		SolutionGuid = {473BF923-CD41-4DBA-8F9D-B0D067D4BB18}
	EndGlobalSection
EndGlobal
